
Microsoft Visual Studio Solution File, Format Version 12.00
# Visual Studio Version 17
VisualStudioVersion = 17.0.31903.59
MinimumVisualStudioVersion = 10.0.40219.1
Project("{FAE04EC0-301F-11D3-BF4B-00C04F79EFBC}") = "ServiceA.FhirSender", "services\ServiceA.FhirSender\ServiceA.FhirSender.csproj", "{A1A1A1A1-AAAA-AAAA-AAAA-AAAAAAAAAAA1}"
EndProject
Project("{FAE04EC0-301F-11D3-BF4B-00C04F79EFBC}") = "ServiceB.FhirReceiver", "services\ServiceB.FhirReceiver\ServiceB.FhirReceiver.csproj", "{B2B2B2B2-BBBB-BBBB-BBBB-BBBBBBBBBBB2}"
EndProject
Project("{2150E333-8FDC-42A3-9474-1A3956D46DE8}") = "services", "services", "{5854FF58-B8C5-05C6-5BF2-ACE42193F22B}"
EndProject
Project("{FAE04EC0-301F-11D3-BF4B-00C04F79EFBC}") = "Shared.Opa", "services\Shared.Opa\Shared.Opa.csproj", "{CA5A64AC-590B-4EC4-88B9-60722FAE3A8D}"
EndProject
Global
	GlobalSection(SolutionConfigurationPlatforms) = preSolution
		Debug|Any CPU = Debug|Any CPU
		Debug|x64 = Debug|x64
		Debug|x86 = Debug|x86
		Release|Any CPU = Release|Any CPU
		Release|x64 = Release|x64
		Release|x86 = Release|x86
	EndGlobalSection
	GlobalSection(ProjectConfigurationPlatforms) = postSolution
		{A1A1A1A1-AAAA-AAAA-AAAA-AAAAAAAAAAA1}.Debug|Any CPU.ActiveCfg = Debug|Any CPU
		{A1A1A1A1-AAAA-AAAA-AAAA-AAAAAAAAAAA1}.Debug|Any CPU.Build.0 = Debug|Any CPU
		{A1A1A1A1-AAAA-AAAA-AAAA-AAAAAAAAAAA1}.Debug|x64.ActiveCfg = Debug|Any CPU
		{A1A1A1A1-AAAA-AAAA-AAAA-AAAAAAAAAAA1}.Debug|x64.Build.0 = Debug|Any CPU
		{A1A1A1A1-AAAA-AAAA-AAAA-AAAAAAAAAAA1}.Debug|x86.ActiveCfg = Debug|Any CPU
		{A1A1A1A1-AAAA-AAAA-AAAA-AAAAAAAAAAA1}.Debug|x86.Build.0 = Debug|Any CPU
		{A1A1A1A1-AAAA-AAAA-AAAA-AAAAAAAAAAA1}.Release|Any CPU.ActiveCfg = Release|Any CPU
		{A1A1A1A1-AAAA-AAAA-AAAA-AAAAAAAAAAA1}.Release|Any CPU.Build.0 = Release|Any CPU
		{A1A1A1A1-AAAA-AAAA-AAAA-AAAAAAAAAAA1}.Release|x64.ActiveCfg = Release|Any CPU
		{A1A1A1A1-AAAA-AAAA-AAAA-AAAAAAAAAAA1}.Release|x64.Build.0 = Release|Any CPU
		{A1A1A1A1-AAAA-AAAA-AAAA-AAAAAAAAAAA1}.Release|x86.ActiveCfg = Release|Any CPU
		{A1A1A1A1-AAAA-AAAA-AAAA-AAAAAAAAAAA1}.Release|x86.Build.0 = Release|Any CPU
		{B2B2B2B2-BBBB-BBBB-BBBB-BBBBBBBBBBB2}.Debug|Any CPU.ActiveCfg = Debug|Any CPU
		{B2B2B2B2-BBBB-BBBB-BBBB-BBBBBBBBBBB2}.Debug|Any CPU.Build.0 = Debug|Any CPU
		{B2B2B2B2-BBBB-BBBB-BBBB-BBBBBBBBBBB2}.Debug|x64.ActiveCfg = Debug|Any CPU
		{B2B2B2B2-BBBB-BBBB-BBBB-BBBBBBBBBBB2}.Debug|x64.Build.0 = Debug|Any CPU
		{B2B2B2B2-BBBB-BBBB-BBBB-BBBBBBBBBBB2}.Debug|x86.ActiveCfg = Debug|Any CPU
		{B2B2B2B2-BBBB-BBBB-BBBB-BBBBBBBBBBB2}.Debug|x86.Build.0 = Debug|Any CPU
		{B2B2B2B2-BBBB-BBBB-BBBB-BBBBBBBBBBB2}.Release|Any CPU.ActiveCfg = Release|Any CPU
		{B2B2B2B2-BBBB-BBBB-BBBB-BBBBBBBBBBB2}.Release|Any CPU.Build.0 = Release|Any CPU
		{B2B2B2B2-BBBB-BBBB-BBBB-BBBBBBBBBBB2}.Release|x64.ActiveCfg = Release|Any CPU
		{B2B2B2B2-BBBB-BBBB-BBBB-BBBBBBBBBBB2}.Release|x64.Build.0 = Release|Any CPU
		{B2B2B2B2-BBBB-BBBB-BBBB-BBBBBBBBBBB2}.Release|x86.ActiveCfg = Release|Any CPU
		{B2B2B2B2-BBBB-BBBB-BBBB-BBBBBBBBBBB2}.Release|x86.Build.0 = Release|Any CPU
		{CA5A64AC-590B-4EC4-88B9-60722FAE3A8D}.Debug|Any CPU.ActiveCfg = Debug|Any CPU
		{CA5A64AC-590B-4EC4-88B9-60722FAE3A8D}.Debug|Any CPU.Build.0 = Debug|Any CPU
		{CA5A64AC-590B-4EC4-88B9-60722FAE3A8D}.Debug|x64.ActiveCfg = Debug|Any CPU
		{CA5A64AC-590B-4EC4-88B9-60722FAE3A8D}.Debug|x64.Build.0 = Debug|Any CPU
		{CA5A64AC-590B-4EC4-88B9-60722FAE3A8D}.Debug|x86.ActiveCfg = Debug|Any CPU
		{CA5A64AC-590B-4EC4-88B9-60722FAE3A8D}.Debug|x86.Build.0 = Debug|Any CPU
		{CA5A64AC-590B-4EC4-88B9-60722FAE3A8D}.Release|Any CPU.ActiveCfg = Release|Any CPU
		{CA5A64AC-590B-4EC4-88B9-60722FAE3A8D}.Release|Any CPU.Build.0 = Release|Any CPU
		{CA5A64AC-590B-4EC4-88B9-60722FAE3A8D}.Release|x64.ActiveCfg = Release|Any CPU
		{CA5A64AC-590B-4EC4-88B9-60722FAE3A8D}.Release|x64.Build.0 = Release|Any CPU
		{CA5A64AC-590B-4EC4-88B9-60722FAE3A8D}.Release|x86.ActiveCfg = Release|Any CPU
		{CA5A64AC-590B-4EC4-88B9-60722FAE3A8D}.Release|x86.Build.0 = Release|Any CPU
	EndGlobalSection
	GlobalSection(SolutionProperties) = preSolution
		HideSolutionNode = FALSE
	EndGlobalSection
	GlobalSection(NestedProjects) = preSolution
		{CA5A64AC-590B-4EC4-88B9-60722FAE3A8D} = {5854FF58-B8C5-05C6-5BF2-ACE42193F22B}
	EndGlobalSection
EndGlobal
